
Microsoft Visual Studio Solution File, Format Version 12.00
# Visual Studio 15
VisualStudioVersion = 15.0.28307.572
MinimumVisualStudioVersion = 10.0.40219.1
Project("{FAE04EC0-301F-11D3-BF4B-00C04F79EFBC}") = "FinalExamUOW2.Data", "FinalExamUOW2.Data\FinalExamUOW2.Data.csproj", "{3C00EBBD-15A4-471F-9981-C9557E858A54}"
EndProject
Project("{FAE04EC0-301F-11D3-BF4B-00C04F79EFBC}") = "FinalExamUOW2.Service", "FinalExamUOW2.Service\FinalExamUOW2.Service.csproj", "{D956CBEA-441A-4575-BAB3-FF8FD6EE4459}"
EndProject
Project("{FAE04EC0-301F-11D3-BF4B-00C04F79EFBC}") = "FinalExamUOW2.Web", "FinalExamUOW2.Web\FinalExamUOW2.Web.csproj", "{8D48D0E0-633B-48A4-AE06-313D985A197B}"
EndProject
Project("{FAE04EC0-301F-11D3-BF4B-00C04F79EFBC}") = "FinalExamUOW2.RabbitMQ", "FinalExamUOW2.RabbitMQ\FinalExamUOW2.RabbitMQ.csproj", "{116364E8-95A4-4EF3-BEF2-B2C86BDFE060}"
EndProject
Project("{FAE04EC0-301F-11D3-BF4B-00C04F79EFBC}") = "FinalExamUOW2.Console", "FinalExamUOW2.Console\FinalExamUOW2.Console.csproj", "{BF0FE10F-EB53-4E71-B794-EF7B5BF51B3C}"
EndProject
Global
	GlobalSection(SolutionConfigurationPlatforms) = preSolution
		Debug|Any CPU = Debug|Any CPU
		Release|Any CPU = Release|Any CPU
	EndGlobalSection
	GlobalSection(ProjectConfigurationPlatforms) = postSolution
		{3C00EBBD-15A4-471F-9981-C9557E858A54}.Debug|Any CPU.ActiveCfg = Debug|Any CPU
		{3C00EBBD-15A4-471F-9981-C9557E858A54}.Debug|Any CPU.Build.0 = Debug|Any CPU
		{3C00EBBD-15A4-471F-9981-C9557E858A54}.Release|Any CPU.ActiveCfg = Release|Any CPU
		{3C00EBBD-15A4-471F-9981-C9557E858A54}.Release|Any CPU.Build.0 = Release|Any CPU
		{D956CBEA-441A-4575-BAB3-FF8FD6EE4459}.Debug|Any CPU.ActiveCfg = Debug|Any CPU
		{D956CBEA-441A-4575-BAB3-FF8FD6EE4459}.Debug|Any CPU.Build.0 = Debug|Any CPU
		{D956CBEA-441A-4575-BAB3-FF8FD6EE4459}.Release|Any CPU.ActiveCfg = Release|Any CPU
		{D956CBEA-441A-4575-BAB3-FF8FD6EE4459}.Release|Any CPU.Build.0 = Release|Any CPU
		{8D48D0E0-633B-48A4-AE06-313D985A197B}.Debug|Any CPU.ActiveCfg = Debug|Any CPU
		{8D48D0E0-633B-48A4-AE06-313D985A197B}.Debug|Any CPU.Build.0 = Debug|Any CPU
		{8D48D0E0-633B-48A4-AE06-313D985A197B}.Release|Any CPU.ActiveCfg = Release|Any CPU
		{8D48D0E0-633B-48A4-AE06-313D985A197B}.Release|Any CPU.Build.0 = Release|Any CPU
		{116364E8-95A4-4EF3-BEF2-B2C86BDFE060}.Debug|Any CPU.ActiveCfg = Debug|Any CPU
		{116364E8-95A4-4EF3-BEF2-B2C86BDFE060}.Debug|Any CPU.Build.0 = Debug|Any CPU
		{116364E8-95A4-4EF3-BEF2-B2C86BDFE060}.Release|Any CPU.ActiveCfg = Release|Any CPU
		{116364E8-95A4-4EF3-BEF2-B2C86BDFE060}.Release|Any CPU.Build.0 = Release|Any CPU
		{BF0FE10F-EB53-4E71-B794-EF7B5BF51B3C}.Debug|Any CPU.ActiveCfg = Debug|Any CPU
		{BF0FE10F-EB53-4E71-B794-EF7B5BF51B3C}.Debug|Any CPU.Build.0 = Debug|Any CPU
		{BF0FE10F-EB53-4E71-B794-EF7B5BF51B3C}.Release|Any CPU.ActiveCfg = Release|Any CPU
		{BF0FE10F-EB53-4E71-B794-EF7B5BF51B3C}.Release|Any CPU.Build.0 = Release|Any CPU
	EndGlobalSection
	GlobalSection(SolutionProperties) = preSolution
		HideSolutionNode = FALSE
	EndGlobalSection
	GlobalSection(ExtensibilityGlobals) = postSolution
		SolutionGuid = {85ACE518-E52C-466B-82AD-BC024E8CFA53}
	EndGlobalSection
EndGlobal
